// !$*UTF8*$!
{
	archiveVersion = 1;
	classes = {
	};
	objectVersion = 46;
	objects = {

/* Begin PBXBuildFile section */
		3724E3541AD0A605004FE06D /* AppDelegate.swift in Sources */ = {isa = PBXBuildFile; fileRef = 3724E3531AD0A605004FE06D /* AppDelegate.swift */; };
		3724E3591AD0A605004FE06D /* Main.storyboard in Resources */ = {isa = PBXBuildFile; fileRef = 3724E3571AD0A605004FE06D /* Main.storyboard */; };
		3724E35B1AD0A605004FE06D /* Images.xcassets in Resources */ = {isa = PBXBuildFile; fileRef = 3724E35A1AD0A605004FE06D /* Images.xcassets */; };
		3724E35E1AD0A605004FE06D /* LaunchScreen.xib in Resources */ = {isa = PBXBuildFile; fileRef = 3724E35C1AD0A605004FE06D /* LaunchScreen.xib */; };
		3724E36A1AD0A605004FE06D /* Group5AppTests.swift in Sources */ = {isa = PBXBuildFile; fileRef = 3724E3691AD0A605004FE06D /* Group5AppTests.swift */; };
/* End PBXBuildFile section */

/* Begin PBXContainerItemProxy section */
		3724E3641AD0A605004FE06D /* PBXContainerItemProxy */ = {
			isa = PBXContainerItemProxy;
			containerPortal = 3724E3461AD0A605004FE06D /* Project object */;
			proxyType = 1;
			remoteGlobalIDString = 3724E34D1AD0A605004FE06D;
			remoteInfo = Group5App;
		};
/* End PBXContainerItemProxy section */

/* Begin PBXFileReference section */
		3724E34E1AD0A605004FE06D /* Group5App.app */ = {isa = PBXFileReference; explicitFileType = wrapper.application; includeInIndex = 0; path = Group5App.app; sourceTree = BUILT_PRODUCTS_DIR; };
		3724E3521AD0A605004FE06D /* Info.plist */ = {isa = PBXFileReference; lastKnownFileType = text.plist.xml; path = Info.plist; sourceTree = "<group>"; };
		3724E3531AD0A605004FE06D /* AppDelegate.swift */ = {isa = PBXFileReference; lastKnownFileType = sourcecode.swift; path = AppDelegate.swift; sourceTree = "<group>"; };
		3724E3581AD0A605004FE06D /* Base */ = {isa = PBXFileReference; lastKnownFileType = file.storyboard; name = Base; path = Base.lproj/Main.storyboard; sourceTree = "<group>"; };
		3724E35A1AD0A605004FE06D /* Images.xcassets */ = {isa = PBXFileReference; lastKnownFileType = folder.assetcatalog; path = Images.xcassets; sourceTree = "<group>"; };
		3724E35D1AD0A605004FE06D /* Base */ = {isa = PBXFileReference; lastKnownFileType = file.xib; name = Base; path = Base.lproj/LaunchScreen.xib; sourceTree = "<group>"; };
		3724E3631AD0A605004FE06D /* Group5AppTests.xctest */ = {isa = PBXFileReference; explicitFileType = wrapper.cfbundle; includeInIndex = 0; path = Group5AppTests.xctest; sourceTree = BUILT_PRODUCTS_DIR; };
		3724E3681AD0A605004FE06D /* Info.plist */ = {isa = PBXFileReference; lastKnownFileType = text.plist.xml; path = Info.plist; sourceTree = "<group>"; };
		3724E3691AD0A605004FE06D /* Group5AppTests.swift */ = {isa = PBXFileReference; lastKnownFileType = sourcecode.swift; path = Group5AppTests.swift; sourceTree = "<group>"; };
/* End PBXFileReference section */

/* Begin PBXFrameworksBuildPhase section */
		3724E34B1AD0A605004FE06D /* Frameworks */ = {
			isa = PBXFrameworksBuildPhase;
			buildActionMask = 2147483647;
			files = (
			);
			runOnlyForDeploymentPostprocessing = 0;
		};
		3724E3601AD0A605004FE06D /* Frameworks */ = {
			isa = PBXFrameworksBuildPhase;
			buildActionMask = 2147483647;
			files = (
			);
			runOnlyForDeploymentPostprocessing = 0;
		};
/* End PBXFrameworksBuildPhase section */

/* Begin PBXGroup section */
		3724E3451AD0A605004FE06D = {
			isa = PBXGroup;
			children = (
				3724E3501AD0A605004FE06D /* Group5App */,
				3724E3661AD0A605004FE06D /* Group5AppTests */,
				3724E34F1AD0A605004FE06D /* Products */,
			);
			sourceTree = "<group>";
		};
		3724E34F1AD0A605004FE06D /* Products */ = {
			isa = PBXGroup;
			children = (
				3724E34E1AD0A605004FE06D /* Group5App.app */,
				3724E3631AD0A605004FE06D /* Group5AppTests.xctest */,
			);
			name = Products;
			sourceTree = "<group>";
		};
		3724E3501AD0A605004FE06D /* Group5App */ = {
			isa = PBXGroup;
			children = (
				3724E3531AD0A605004FE06D /* AppDelegate.swift */,
				3724E3571AD0A605004FE06D /* Main.storyboard */,
				3724E35A1AD0A605004FE06D /* Images.xcassets */,
				3724E35C1AD0A605004FE06D /* LaunchScreen.xib */,
				3724E3511AD0A605004FE06D /* Supporting Files */,
			);
			path = Group5App;
			sourceTree = "<group>";
		};
		3724E3511AD0A605004FE06D /* Supporting Files */ = {
			isa = PBXGroup;
			children = (
				3724E3521AD0A605004FE06D /* Info.plist */,
			);
			name = "Supporting Files";
			sourceTree = "<group>";
		};
		3724E3661AD0A605004FE06D /* Group5AppTests */ = {
			isa = PBXGroup;
			children = (
				3724E3691AD0A605004FE06D /* Group5AppTests.swift */,
				3724E3671AD0A605004FE06D /* Supporting Files */,
			);
			path = Group5AppTests;
			sourceTree = "<group>";
		};
		3724E3671AD0A605004FE06D /* Supporting Files */ = {
			isa = PBXGroup;
			children = (
				3724E3681AD0A605004FE06D /* Info.plist */,
			);
			name = "Supporting Files";
			sourceTree = "<group>";
		};
/* End PBXGroup section */

/* Begin PBXNativeTarget section */
		3724E34D1AD0A605004FE06D /* Group5App */ = {
			isa = PBXNativeTarget;
			buildConfigurationList = 3724E36D1AD0A605004FE06D /* Build configuration list for PBXNativeTarget "Group5App" */;
			buildPhases = (
				3724E34A1AD0A605004FE06D /* Sources */,
				3724E34B1AD0A605004FE06D /* Frameworks */,
				3724E34C1AD0A605004FE06D /* Resources */,
			);
			buildRules = (
			);
			dependencies = (
			);
			name = Group5App;
			productName = Group5App;
			productReference = 3724E34E1AD0A605004FE06D /* Group5App.app */;
			productType = "com.apple.product-type.application";
		};
		3724E3621AD0A605004FE06D /* Group5AppTests */ = {
			isa = PBXNativeTarget;
			buildConfigurationList = 3724E3701AD0A605004FE06D /* Build configuration list for PBXNativeTarget "Group5AppTests" */;
			buildPhases = (
				3724E35F1AD0A605004FE06D /* Sources */,
				3724E3601AD0A605004FE06D /* Frameworks */,
				3724E3611AD0A605004FE06D /* Resources */,
			);
			buildRules = (
			);
			dependencies = (
				3724E3651AD0A605004FE06D /* PBXTargetDependency */,
			);
			name = Group5AppTests;
			productName = Group5AppTests;
			productReference = 3724E3631AD0A605004FE06D /* Group5AppTests.xctest */;
			productType = "com.apple.product-type.bundle.unit-test";
		};
/* End PBXNativeTarget section */

/* Begin PBXProject section */
		3724E3461AD0A605004FE06D /* Project object */ = {
			isa = PBXProject;
			attributes = {
				LastUpgradeCheck = 0620;
				ORGANIZATIONNAME = "Dan Lasker";
				TargetAttributes = {
					3724E34D1AD0A605004FE06D = {
						CreatedOnToolsVersion = 6.2;
					};
					3724E3621AD0A605004FE06D = {
						CreatedOnToolsVersion = 6.2;
						TestTargetID = 3724E34D1AD0A605004FE06D;
					};
				};
			};
			buildConfigurationList = 3724E3491AD0A605004FE06D /* Build configuration list for PBXProject "Group5App" */;
			compatibilityVersion = "Xcode 3.2";
			developmentRegion = English;
			hasScannedForEncodings = 0;
			knownRegions = (
				en,
				Base,
			);
			mainGroup = 3724E3451AD0A605004FE06D;
			productRefGroup = 3724E34F1AD0A605004FE06D /* Products */;
			projectDirPath = "";
			projectRoot = "";
			targets = (
				3724E34D1AD0A605004FE06D /* Group5App */,
				3724E3621AD0A605004FE06D /* Group5AppTests */,
			);
		};
/* End PBXProject section */

/* Begin PBXResourcesBuildPhase section */
		3724E34C1AD0A605004FE06D /* Resources */ = {
			isa = PBXResourcesBuildPhase;
			buildActionMask = 2147483647;
			files = (
				3724E3591AD0A605004FE06D /* Main.storyboard in Resources */,
				3724E35E1AD0A605004FE06D /* LaunchScreen.xib in Resources */,
				3724E35B1AD0A605004FE06D /* Images.xcassets in Resources */,
			);
			runOnlyForDeploymentPostprocessing = 0;
		};
		3724E3611AD0A605004FE06D /* Resources */ = {
			isa = PBXResourcesBuildPhase;
			buildActionMask = 2147483647;
			files = (
			);
			runOnlyForDeploymentPostprocessing = 0;
		};
/* End PBXResourcesBuildPhase section */

/* Begin PBXSourcesBuildPhase section */
		3724E34A1AD0A605004FE06D /* Sources */ = {
			isa = PBXSourcesBuildPhase;
			buildActionMask = 2147483647;
			files = (
				3724E3541AD0A605004FE06D /* AppDelegate.swift in Sources */,
			);
			runOnlyForDeploymentPostprocessing = 0;
		};
		3724E35F1AD0A605004FE06D /* Sources */ = {
			isa = PBXSourcesBuildPhase;
			buildActionMask = 2147483647;
			files = (
				3724E36A1AD0A605004FE06D /* Group5AppTests.swift in Sources */,
			);
			runOnlyForDeploymentPostprocessing = 0;
		};
/* End PBXSourcesBuildPhase section */

/* Begin PBXTargetDependency section */
		3724E3651AD0A605004FE06D /* PBXTargetDependency */ = {
			isa = PBXTargetDependency;
			target = 3724E34D1AD0A605004FE06D /* Group5App */;
			targetProxy = 3724E3641AD0A605004FE06D /* PBXContainerItemProxy */;
		};
/* End PBXTargetDependency section */

/* Begin PBXVariantGroup section */
		3724E3571AD0A605004FE06D /* Main.storyboard */ = {
			isa = PBXVariantGroup;
			children = (
				3724E3581AD0A605004FE06D /* Base */,
			);
			name = Main.storyboard;
			sourceTree = "<group>";
		};
		3724E35C1AD0A605004FE06D /* LaunchScreen.xib */ = {
			isa = PBXVariantGroup;
			children = (
				3724E35D1AD0A605004FE06D /* Base */,
			);
			name = LaunchScreen.xib;
			sourceTree = "<group>";
		};
/* End PBXVariantGroup section */

/* Begin XCBuildConfiguration section */
		3724E36B1AD0A605004FE06D /* Debug */ = {
			isa = XCBuildConfiguration;
			buildSettings = {
				ALWAYS_SEARCH_USER_PATHS = NO;
				CLANG_CXX_LANGUAGE_STANDARD = "gnu++0x";
				CLANG_CXX_LIBRARY = "libc++";
				CLANG_ENABLE_MODULES = YES;
				CLANG_ENABLE_OBJC_ARC = YES;
				CLANG_WARN_BOOL_CONVERSION = YES;
				CLANG_WARN_CONSTANT_CONVERSION = YES;
				CLANG_WARN_DIRECT_OBJC_ISA_USAGE = YES_ERROR;
				CLANG_WARN_EMPTY_BODY = YES;
				CLANG_WARN_ENUM_CONVERSION = YES;
				CLANG_WARN_INT_CONVERSION = YES;
				CLANG_WARN_OBJC_ROOT_CLASS = YES_ERROR;
				CLANG_WARN_UNREACHABLE_CODE = YES;
				CLANG_WARN__DUPLICATE_METHOD_MATCH = YES;
				"CODE_SIGN_IDENTITY[sdk=iphoneos*]" = "iPhone Developer";
				COPY_PHASE_STRIP = NO;
				ENABLE_STRICT_OBJC_MSGSEND = YES;
				GCC_C_LANGUAGE_STANDARD = gnu99;
				GCC_DYNAMIC_NO_PIC = NO;
				GCC_OPTIMIZATION_LEVEL = 0;
				GCC_PREPROCESSOR_DEFINITIONS = (
					"DEBUG=1",
					"$(inherited)",
				);
				GCC_SYMBOLS_PRIVATE_EXTERN = NO;
				GCC_WARN_64_TO_32_BIT_CONVERSION = YES;
				GCC_WARN_ABOUT_RETURN_TYPE = YES_ERROR;
				GCC_WARN_UNDECLARED_SELECTOR = YES;
				GCC_WARN_UNINITIALIZED_AUTOS = YES_AGGRESSIVE;
				GCC_WARN_UNUSED_FUNCTION = YES;
				GCC_WARN_UNUSED_VARIABLE = YES;
				IPHONEOS_DEPLOYMENT_TARGET = 8.2;
				MTL_ENABLE_DEBUG_INFO = YES;
				ONLY_ACTIVE_ARCH = YES;
				SDKROOT = iphoneos;
				SWIFT_OPTIMIZATION_LEVEL = "-Onone";
				TARGETED_DEVICE_FAMILY = "1,2";
			};
			name = Debug;
		};
		3724E36C1AD0A605004FE06D /* Release */ = {
			isa = XCBuildConfiguration;
			buildSettings = {
				ALWAYS_SEARCH_USER_PATHS = NO;
				CLANG_CXX_LANGUAGE_STANDARD = "gnu++0x";
				CLANG_CXX_LIBRARY = "libc++";
				CLANG_ENABLE_MODULES = YES;
				CLANG_ENABLE_OBJC_ARC = YES;
				CLANG_WARN_BOOL_CONVERSION = YES;
				CLANG_WARN_CONSTANT_CONVERSION = YES;
				CLANG_WARN_DIRECT_OBJC_ISA_USAGE = YES_ERROR;
				CLANG_WARN_EMPTY_BODY = YES;
				CLANG_WARN_ENUM_CONVERSION = YES;
				CLANG_WARN_INT_CONVERSION = YES;
				CLANG_WARN_OBJC_ROOT_CLASS = YES_ERROR;
				CLANG_WARN_UNREACHABLE_CODE = YES;
				CLANG_WARN__DUPLICATE_METHOD_MATCH = YES;
				"CODE_SIGN_IDENTITY[sdk=iphoneos*]" = "iPhone Developer";
				COPY_PHASE_STRIP = NO;
				ENABLE_NS_ASSERTIONS = NO;
				ENABLE_STRICT_OBJC_MSGSEND = YES;
				GCC_C_LANGUAGE_STANDARD = gnu99;
				GCC_WARN_64_TO_32_BIT_CONVERSION = YES;
				GCC_WARN_ABOUT_RETURN_TYPE = YES_ERROR;
				GCC_WARN_UNDECLARED_SELECTOR = YES;
				GCC_WARN_UNINITIALIZED_AUTOS = YES_AGGRESSIVE;
				GCC_WARN_UNUSED_FUNCTION = YES;
				GCC_WARN_UNUSED_VARIABLE = YES;
				IPHONEOS_DEPLOYMENT_TARGET = 8.2;
				MTL_ENABLE_DEBUG_INFO = NO;
				SDKROOT = iphoneos;
				TARGETED_DEVICE_FAMILY = "1,2";
				VALIDATE_PRODUCT = YES;
			};
			name = Release;
		};
		3724E36E1AD0A605004FE06D /* Debug */ = {
			isa = XCBuildConfiguration;
			buildSettings = {
				ASSETCATALOG_COMPILER_APPICON_NAME = AppIcon;
				INFOPLIST_FILE = Group5App/Info.plist;
				LD_RUNPATH_SEARCH_PATHS = "$(inherited) @executable_path/Frameworks";
				PRODUCT_NAME = "$(TARGET_NAME)";
			};
			name = Debug;
		};
		3724E36F1AD0A605004FE06D /* Release */ = {
			isa = XCBuildConfiguration;
			buildSettings = {
				ASSETCATALOG_COMPILER_APPICON_NAME = AppIcon;
				INFOPLIST_FILE = Group5App/Info.plist;
				LD_RUNPATH_SEARCH_PATHS = "$(inherited) @executable_path/Frameworks";
				PRODUCT_NAME = "$(TARGET_NAME)";
			};
			name = Release;
		};
		3724E3711AD0A605004FE06D /* Debug */ = {
			isa = XCBuildConfiguration;
			buildSettings = {
				BUNDLE_LOADER = "$(TEST_HOST)";
				FRAMEWORK_SEARCH_PATHS = (
					"$(SDKROOT)/Developer/Library/Frameworks",
					"$(inherited)",
				);
				GCC_PREPROCESSOR_DEFINITIONS = (
					"DEBUG=1",
					"$(inherited)",
				);
				INFOPLIST_FILE = Group5AppTests/Info.plist;
				LD_RUNPATH_SEARCH_PATHS = "$(inherited) @executable_path/Frameworks @loader_path/Frameworks";
				PRODUCT_NAME = "$(TARGET_NAME)";
				TEST_HOST = "$(BUILT_PRODUCTS_DIR)/Group5App.app/Group5App";
			};
			name = Debug;
		};
		3724E3721AD0A605004FE06D /* Release */ = {
			isa = XCBuildConfiguration;
			buildSettings = {
				BUNDLE_LOADER = "$(TEST_HOST)";
				FRAMEWORK_SEARCH_PATHS = (
					"$(SDKROOT)/Developer/Library/Frameworks",
					"$(inherited)",
				);
				INFOPLIST_FILE = Group5AppTests/Info.plist;
				LD_RUNPATH_SEARCH_PATHS = "$(inherited) @executable_path/Frameworks @loader_path/Frameworks";
				PRODUCT_NAME = "$(TARGET_NAME)";
				TEST_HOST = "$(BUILT_PRODUCTS_DIR)/Group5App.app/Group5App";
			};
			name = Release;
		};
/* End XCBuildConfiguration section */

/* Begin XCConfigurationList section */
		3724E3491AD0A605004FE06D /* Build configuration list for PBXProject "Group5App" */ = {
			isa = XCConfigurationList;
			buildConfigurations = (
				3724E36B1AD0A605004FE06D /* Debug */,
				3724E36C1AD0A605004FE06D /* Release */,
			);
			defaultConfigurationIsVisible = 0;
			defaultConfigurationName = Release;
		};
		3724E36D1AD0A605004FE06D /* Build configuration list for PBXNativeTarget "Group5App" */ = {
			isa = XCConfigurationList;
			buildConfigurations = (
				3724E36E1AD0A605004FE06D /* Debug */,
				3724E36F1AD0A605004FE06D /* Release */,
			);
			defaultConfigurationIsVisible = 0;
		};
		3724E3701AD0A605004FE06D /* Build configuration list for PBXNativeTarget "Group5AppTests" */ = {
			isa = XCConfigurationList;
			buildConfigurations = (
				3724E3711AD0A605004FE06D /* Debug */,
				3724E3721AD0A605004FE06D /* Release */,
			);
			defaultConfigurationIsVisible = 0;
		};
/* End XCConfigurationList section */
	};
	rootObject = 3724E3461AD0A605004FE06D /* Project object */;
}
